{
  "name": "japanese-kit",
  "version": "0.0.2",
  "lockfileVersion": 2,
  "requires": true,
  "packages": {
    "": {
      "name": "japanese-kit",
      "version": "0.0.2",
      "license": "MIT",
      "devDependencies": {
        "coffee-script": "~1.11.x"
      }
    },
    "node_modules/coffee-script": {
      "version": "1.11.1",
      "resolved": "https://registry.npmjs.org/coffee-script/-/coffee-script-1.11.1.tgz",
      "integrity": "sha1-vxxHrWREOg2V0S3ysUfMCk2q1uk=",
      "deprecated": "CoffeeScript on NPM has moved to \"coffeescript\" (no hyphen)",
      "dev": true,
      "bin": {
        "cake": "bin/cake",
        "coffee": "bin/coffee"
      },
      "engines": {
        "node": ">=0.8.0"
      }
    }
  },
  "dependencies": {
    "coffee-script": {
      "version": "1.11.1",
      "resolved": "https://registry.npmjs.org/coffee-script/-/coffee-script-1.11.1.tgz",
      "integrity": "sha1-vxxHrWREOg2V0S3ysUfMCk2q1uk=",
      "dev": true
    }
  }
}
